
Microsoft Visual Studio Solution File, Format Version 12.00
# Visual Studio Version 16
VisualStudioVersion = 16.0.30114.105
MinimumVisualStudioVersion = 10.0.40219.1
Project("{FAE04EC0-301F-11D3-BF4B-00C04F79EFBC}") = "1-console", "1-console\1-console.csproj", "{1840789D-8D05-437A-87CF-3667D8139B99}"
EndProject
Project("{FAE04EC0-301F-11D3-BF4B-00C04F79EFBC}") = "console-1Odev", "console-1Odev\console-1Odev.csproj", "{5CA2F3A8-2CCE-468C-94EB-ECD9425A8D4A}"
EndProject
Project("{FAE04EC0-301F-11D3-BF4B-00C04F79EFBC}") = "console-2Odev", "console-2Odev\console-2Odev.csproj", "{9574C948-3141-4989-88E1-E50C7B25FAAB}"
EndProject
Project("{FAE04EC0-301F-11D3-BF4B-00C04F79EFBC}") = "phoneList", "phoneList\phoneList.csproj", "{4C047058-09F9-4677-A69A-94C943E3667B}"
EndProject
Project("{FAE04EC0-301F-11D3-BF4B-00C04F79EFBC}") = "todo", "todo\todo.csproj", "{4C0CD7A6-AF14-485D-B6CE-496015EB5D72}"
EndProject
Project("{FAE04EC0-301F-11D3-BF4B-00C04F79EFBC}") = "2-webApi", "2-webApi\2-webApi.csproj", "{7A3A58BE-8451-415A-A79A-4D992C6B7C7A}"
EndProject
Global
	GlobalSection(SolutionConfigurationPlatforms) = preSolution
		Debug|Any CPU = Debug|Any CPU
		Release|Any CPU = Release|Any CPU
	EndGlobalSection
	GlobalSection(SolutionProperties) = preSolution
		HideSolutionNode = FALSE
	EndGlobalSection
	GlobalSection(ProjectConfigurationPlatforms) = postSolution
		{1840789D-8D05-437A-87CF-3667D8139B99}.Debug|Any CPU.ActiveCfg = Debug|Any CPU
		{1840789D-8D05-437A-87CF-3667D8139B99}.Debug|Any CPU.Build.0 = Debug|Any CPU
		{1840789D-8D05-437A-87CF-3667D8139B99}.Release|Any CPU.ActiveCfg = Release|Any CPU
		{1840789D-8D05-437A-87CF-3667D8139B99}.Release|Any CPU.Build.0 = Release|Any CPU
		{5CA2F3A8-2CCE-468C-94EB-ECD9425A8D4A}.Debug|Any CPU.ActiveCfg = Debug|Any CPU
		{5CA2F3A8-2CCE-468C-94EB-ECD9425A8D4A}.Debug|Any CPU.Build.0 = Debug|Any CPU
		{5CA2F3A8-2CCE-468C-94EB-ECD9425A8D4A}.Release|Any CPU.ActiveCfg = Release|Any CPU
		{5CA2F3A8-2CCE-468C-94EB-ECD9425A8D4A}.Release|Any CPU.Build.0 = Release|Any CPU
		{9574C948-3141-4989-88E1-E50C7B25FAAB}.Debug|Any CPU.ActiveCfg = Debug|Any CPU
		{9574C948-3141-4989-88E1-E50C7B25FAAB}.Debug|Any CPU.Build.0 = Debug|Any CPU
		{9574C948-3141-4989-88E1-E50C7B25FAAB}.Release|Any CPU.ActiveCfg = Release|Any CPU
		{9574C948-3141-4989-88E1-E50C7B25FAAB}.Release|Any CPU.Build.0 = Release|Any CPU
		{4C047058-09F9-4677-A69A-94C943E3667B}.Debug|Any CPU.ActiveCfg = Debug|Any CPU
		{4C047058-09F9-4677-A69A-94C943E3667B}.Debug|Any CPU.Build.0 = Debug|Any CPU
		{4C047058-09F9-4677-A69A-94C943E3667B}.Release|Any CPU.ActiveCfg = Release|Any CPU
		{4C047058-09F9-4677-A69A-94C943E3667B}.Release|Any CPU.Build.0 = Release|Any CPU
		{4C0CD7A6-AF14-485D-B6CE-496015EB5D72}.Debug|Any CPU.ActiveCfg = Debug|Any CPU
		{4C0CD7A6-AF14-485D-B6CE-496015EB5D72}.Debug|Any CPU.Build.0 = Debug|Any CPU
		{4C0CD7A6-AF14-485D-B6CE-496015EB5D72}.Release|Any CPU.ActiveCfg = Release|Any CPU
		{4C0CD7A6-AF14-485D-B6CE-496015EB5D72}.Release|Any CPU.Build.0 = Release|Any CPU
		{05B14DF3-D6EA-4B39-9C4F-9252DAA06665}.Debug|Any CPU.ActiveCfg = Debug|Any CPU
		{05B14DF3-D6EA-4B39-9C4F-9252DAA06665}.Debug|Any CPU.Build.0 = Debug|Any CPU
		{05B14DF3-D6EA-4B39-9C4F-9252DAA06665}.Release|Any CPU.ActiveCfg = Release|Any CPU
		{05B14DF3-D6EA-4B39-9C4F-9252DAA06665}.Release|Any CPU.Build.0 = Release|Any CPU
		{7A3A58BE-8451-415A-A79A-4D992C6B7C7A}.Debug|Any CPU.ActiveCfg = Debug|Any CPU
		{7A3A58BE-8451-415A-A79A-4D992C6B7C7A}.Debug|Any CPU.Build.0 = Debug|Any CPU
		{7A3A58BE-8451-415A-A79A-4D992C6B7C7A}.Release|Any CPU.ActiveCfg = Release|Any CPU
		{7A3A58BE-8451-415A-A79A-4D992C6B7C7A}.Release|Any CPU.Build.0 = Release|Any CPU
	EndGlobalSection
EndGlobal
