
Microsoft Visual Studio Solution File, Format Version 12.00
# Visual Studio Version 16
VisualStudioVersion = 16.0.30114.105
MinimumVisualStudioVersion = 10.0.40219.1
Project("{FAE04EC0-301F-11D3-BF4B-00C04F79EFBC}") = "1-webApi", "1-webApi\1-webApi.csproj", "{C625E122-AF7F-44F6-90B6-5FD1782CA4B5}"
EndProject
Project("{FAE04EC0-301F-11D3-BF4B-00C04F79EFBC}") = "2-linq", "2-linq\2-linq.csproj", "{85ED05D4-BA06-44D0-9C55-F50B5F637B49}"
EndProject
Global
	GlobalSection(SolutionConfigurationPlatforms) = preSolution
		Debug|Any CPU = Debug|Any CPU
		Release|Any CPU = Release|Any CPU
	EndGlobalSection
	GlobalSection(SolutionProperties) = preSolution
		HideSolutionNode = FALSE
	EndGlobalSection
	GlobalSection(ProjectConfigurationPlatforms) = postSolution
		{C625E122-AF7F-44F6-90B6-5FD1782CA4B5}.Debug|Any CPU.ActiveCfg = Debug|Any CPU
		{C625E122-AF7F-44F6-90B6-5FD1782CA4B5}.Debug|Any CPU.Build.0 = Debug|Any CPU
		{C625E122-AF7F-44F6-90B6-5FD1782CA4B5}.Release|Any CPU.ActiveCfg = Release|Any CPU
		{C625E122-AF7F-44F6-90B6-5FD1782CA4B5}.Release|Any CPU.Build.0 = Release|Any CPU
		{85ED05D4-BA06-44D0-9C55-F50B5F637B49}.Debug|Any CPU.ActiveCfg = Debug|Any CPU
		{85ED05D4-BA06-44D0-9C55-F50B5F637B49}.Debug|Any CPU.Build.0 = Debug|Any CPU
		{85ED05D4-BA06-44D0-9C55-F50B5F637B49}.Release|Any CPU.ActiveCfg = Release|Any CPU
		{85ED05D4-BA06-44D0-9C55-F50B5F637B49}.Release|Any CPU.Build.0 = Release|Any CPU
	EndGlobalSection
EndGlobal
